#MicroXplorer Configuration settings - do not modify
FREERTOS.IPParameters=Tasks01
FREERTOS.Tasks01=defaultTask,0,128,StartDefaultTask,Default,NULL
File.Version=6
KeepUserPlacement=false
Mcu.Family=STM32F1
Mcu.IP0=FREERTOS
Mcu.IP1=IWDG
Mcu.IP2=NVIC
Mcu.IP3=RCC
Mcu.IP4=SPI2
Mcu.IP5=SYS
Mcu.IP6=USART1
Mcu.IPNb=7
Mcu.Name=STM32F103V(C-D-E)Tx
Mcu.Package=LQFP100
Mcu.Pin0=OSC_IN
Mcu.Pin1=OSC_OUT
Mcu.Pin10=PD15
Mcu.Pin11=PA9
Mcu.Pin12=PA10
Mcu.Pin13=PA13
Mcu.Pin14=PA14
Mcu.Pin15=PA15
Mcu.Pin16=PD0
Mcu.Pin17=PD1
Mcu.Pin18=PB3
Mcu.Pin19=PB4
Mcu.Pin2=PE7
Mcu.Pin20=VP_FREERTOS_VS_ENABLE
Mcu.Pin21=VP_IWDG_VS_IWDG
Mcu.Pin22=VP_SYS_VS_tim8
Mcu.Pin3=PE8
Mcu.Pin4=PE9
Mcu.Pin5=PB12
Mcu.Pin6=PB13
Mcu.Pin7=PB14
Mcu.Pin8=PB15
Mcu.Pin9=PD14
Mcu.PinsNb=23
Mcu.ThirdPartyNb=0
Mcu.UserConstants=
Mcu.UserName=STM32F103VDTx
MxCube.Version=4.25.0
MxDb.Version=DB.4.0.250
NVIC.BusFault_IRQn=true\:0\:0\:false\:false\:true\:false\:false
NVIC.DebugMonitor_IRQn=true\:0\:0\:false\:false\:true\:false\:false
NVIC.HardFault_IRQn=true\:0\:0\:false\:false\:true\:false\:false
NVIC.MemoryManagement_IRQn=true\:0\:0\:false\:false\:true\:false\:false
NVIC.NonMaskableInt_IRQn=true\:0\:0\:false\:false\:true\:false\:false
NVIC.PendSV_IRQn=true\:15\:0\:false\:false\:false\:true\:false
NVIC.PriorityGroup=NVIC_PRIORITYGROUP_4
NVIC.SVCall_IRQn=true\:0\:0\:false\:false\:false\:false\:false
NVIC.SysTick_IRQn=true\:15\:0\:false\:false\:true\:true\:false
NVIC.TIM8_UP_IRQn=true\:0\:0\:false\:false\:true\:false\:false
NVIC.TimeBase=TIM8_UP_IRQn
NVIC.TimeBaseIP=TIM8
NVIC.UsageFault_IRQn=true\:0\:0\:false\:false\:true\:false\:false
OSC_IN.Mode=HSE-External-Oscillator
OSC_IN.Signal=RCC_OSC_IN
OSC_OUT.Mode=HSE-External-Oscillator
OSC_OUT.Signal=RCC_OSC_OUT
PA10.Mode=Asynchronous
PA10.Signal=USART1_RX
PA13.Mode=JTAG_5_pins
PA13.Signal=SYS_JTMS-SWDIO
PA14.Mode=JTAG_5_pins
PA14.Signal=SYS_JTCK-SWCLK
PA15.Mode=JTAG_5_pins
PA15.Signal=SYS_JTDI
PA9.Mode=Asynchronous
PA9.Signal=USART1_TX
PB12.Mode=NSS_Signal_Hard_Output
PB12.Signal=SPI2_NSS
PB13.Mode=Full_Duplex_Master
PB13.Signal=SPI2_SCK
PB14.Mode=Full_Duplex_Master
PB14.Signal=SPI2_MISO
PB15.Mode=Full_Duplex_Master
PB15.Signal=SPI2_MOSI
PB3.Mode=JTAG_5_pins
PB3.Signal=SYS_JTDO-TRACESWO
PB4.Mode=JTAG_5_pins
PB4.Signal=SYS_NJTRST
PCC.Checker=false
PCC.Line=STM32F103
PCC.MCU=STM32F103V(C-D-E)Tx
PCC.PartNumber=STM32F103VDTx
PCC.Seq0=0
PCC.Series=STM32F1
PCC.Temperature=25
PCC.Vdd=3.3
PD0.GPIOParameters=GPIO_Label
PD0.GPIO_Label=led2
PD0.Locked=true
PD0.Signal=GPIO_Output
PD1.GPIOParameters=GPIO_Label
PD1.GPIO_Label=led3
PD1.Locked=true
PD1.Signal=GPIO_Output
PD14.GPIOParameters=GPIO_Label
PD14.GPIO_Label=led7
PD14.Locked=true
PD14.Signal=GPIO_Output
PD15.GPIOParameters=GPIO_Label
PD15.GPIO_Label=led1
PD15.Locked=true
PD15.Signal=GPIO_Output
PE7.GPIOParameters=GPIO_Label
PE7.GPIO_Label=led4
PE7.Locked=true
PE7.Signal=GPIO_Output
PE8.GPIOParameters=GPIO_Label
PE8.GPIO_Label=led5
PE8.Locked=true
PE8.Signal=GPIO_Output
PE9.GPIOParameters=GPIO_Label
PE9.GPIO_Label=led6
PE9.Locked=true
PE9.Signal=GPIO_Output
PinOutPanel.RotationAngle=0
ProjectManager.AskForMigrate=true
ProjectManager.BackupPrevious=false
ProjectManager.CompilerOptimize=3
ProjectManager.ComputerToolchain=false
ProjectManager.CoupleFile=true
ProjectManager.CustomerFirmwarePackage=/home/j/STM32Cube/Repository/STM32Cube_FW_F1_V1.6.1
ProjectManager.DefaultFWLocation=true
ProjectManager.DeletePrevious=true
ProjectManager.DeviceId=STM32F103VDTx
ProjectManager.FirmwarePackage=STM32Cube FW_F1 V1.6.1
ProjectManager.FreePins=false
ProjectManager.HalAssertFull=true
ProjectManager.HeapSize=0x200
ProjectManager.KeepUserCode=true
ProjectManager.LastFirmware=true
ProjectManager.LibraryCopy=2
ProjectManager.MainLocation=Src
ProjectManager.PreviousToolchain=SW4STM32
ProjectManager.ProjectBuild=false
ProjectManager.ProjectFileName=security-radio-board.ioc
ProjectManager.ProjectName=security-radio-board
ProjectManager.StackSize=0x400
ProjectManager.TargetToolchain=SW4STM32
ProjectManager.ToolChainLocation=
ProjectManager.UnderRoot=true
ProjectManager.functionlistsort=1-MX_GPIO_Init-GPIO-false-HAL-true,2-SystemClock_Config-RCC-false-HAL-false,3-MX_USART1_UART_Init-USART1-false-HAL-true,4-MX_SPI2_Init-SPI2-false-HAL-true,5-MX_IWDG_Init-IWDG-false-HAL-true
RCC.ADCFreqValue=36000000
RCC.AHBFreq_Value=72000000
RCC.APB1CLKDivider=RCC_HCLK_DIV2
RCC.APB1Freq_Value=36000000
RCC.APB1TimFreq_Value=72000000
RCC.APB2Freq_Value=72000000
RCC.APB2TimFreq_Value=72000000
RCC.FCLKCortexFreq_Value=72000000
RCC.FSMCFreq_Value=72000000
RCC.FamilyName=M
RCC.HCLKFreq_Value=72000000
RCC.I2S2Freq_Value=72000000
RCC.I2S3Freq_Value=72000000
RCC.IPParameters=ADCFreqValue,AHBFreq_Value,APB1CLKDivider,APB1Freq_Value,APB1TimFreq_Value,APB2Freq_Value,APB2TimFreq_Value,FCLKCortexFreq_Value,FSMCFreq_Value,FamilyName,HCLKFreq_Value,I2S2Freq_Value,I2S3Freq_Value,MCOFreq_Value,PLLCLKFreq_Value,PLLMCOFreq_Value,PLLMUL,PLLSourceVirtual,SDIOFreq_Value,SDIOHCLKDiv2FreqValue,SYSCLKFreq_VALUE,SYSCLKSource,TimSysFreq_Value,USBFreq_Value,VCOOutput2Freq_Value
RCC.MCOFreq_Value=72000000
RCC.PLLCLKFreq_Value=72000000
RCC.PLLMCOFreq_Value=36000000
RCC.PLLMUL=RCC_PLL_MUL9
RCC.PLLSourceVirtual=RCC_PLLSOURCE_HSE
RCC.SDIOFreq_Value=72000000
RCC.SDIOHCLKDiv2FreqValue=36000000
RCC.SYSCLKFreq_VALUE=72000000
RCC.SYSCLKSource=RCC_SYSCLKSOURCE_PLLCLK
RCC.TimSysFreq_Value=72000000
RCC.USBFreq_Value=72000000
RCC.VCOOutput2Freq_Value=8000000
SPI2.CalculateBaudRate=18.0 MBits/s
SPI2.Direction=SPI_DIRECTION_2LINES
SPI2.IPParameters=VirtualType,Mode,Direction,CalculateBaudRate,VirtualNSS
SPI2.Mode=SPI_MODE_MASTER
SPI2.VirtualNSS=VM_NSSHARD
SPI2.VirtualType=VM_MASTER
USART1.IPParameters=VirtualMode
USART1.VirtualMode=VM_ASYNC
VP_FREERTOS_VS_ENABLE.Mode=Enabled
VP_FREERTOS_VS_ENABLE.Signal=FREERTOS_VS_ENABLE
VP_IWDG_VS_IWDG.Mode=IWDG_Activate
VP_IWDG_VS_IWDG.Signal=IWDG_VS_IWDG
VP_SYS_VS_tim8.Mode=TIM8
VP_SYS_VS_tim8.Signal=SYS_VS_tim8
board=security-radio-board
